
Microsoft Visual Studio Solution File, Format Version 12.00
# Visual Studio Version 16
VisualStudioVersion = 16.0.32510.428
MinimumVisualStudioVersion = 10.0.40219.1
Project("{9A19103F-16F7-4668-BE54-9A1E7A4F7556}") = "API Hook", "API Hook\API Hook.csproj", "{B57D7251-74C6-4BAE-AFD3-D0C10E970F4A}"
EndProject
Global
	GlobalSection(SolutionConfigurationPlatforms) = preSolution
		Debug|Any CPU = Debug|Any CPU
		Debug|x64 = Debug|x64
		Debug|x86 = Debug|x86
		Release|Any CPU = Release|Any CPU
		Release|x64 = Release|x64
		Release|x86 = Release|x86
	EndGlobalSection
	GlobalSection(ProjectConfigurationPlatforms) = postSolution
		{B57D7251-74C6-4BAE-AFD3-D0C10E970F4A}.Debug|Any CPU.ActiveCfg = Debug|Any CPU
		{B57D7251-74C6-4BAE-AFD3-D0C10E970F4A}.Debug|Any CPU.Build.0 = Debug|Any CPU
		{B57D7251-74C6-4BAE-AFD3-D0C10E970F4A}.Debug|x64.ActiveCfg = Debug|x64
		{B57D7251-74C6-4BAE-AFD3-D0C10E970F4A}.Debug|x64.Build.0 = Debug|x64
		{B57D7251-74C6-4BAE-AFD3-D0C10E970F4A}.Debug|x86.ActiveCfg = Debug|x86
		{B57D7251-74C6-4BAE-AFD3-D0C10E970F4A}.Debug|x86.Build.0 = Debug|x86
		{B57D7251-74C6-4BAE-AFD3-D0C10E970F4A}.Release|Any CPU.ActiveCfg = Release|Any CPU
		{B57D7251-74C6-4BAE-AFD3-D0C10E970F4A}.Release|Any CPU.Build.0 = Release|Any CPU
		{B57D7251-74C6-4BAE-AFD3-D0C10E970F4A}.Release|x64.ActiveCfg = Release|x64
		{B57D7251-74C6-4BAE-AFD3-D0C10E970F4A}.Release|x64.Build.0 = Release|x64
		{B57D7251-74C6-4BAE-AFD3-D0C10E970F4A}.Release|x86.ActiveCfg = Release|x86
		{B57D7251-74C6-4BAE-AFD3-D0C10E970F4A}.Release|x86.Build.0 = Release|x86
	EndGlobalSection
	GlobalSection(SolutionProperties) = preSolution
		HideSolutionNode = FALSE
	EndGlobalSection
	GlobalSection(ExtensibilityGlobals) = postSolution
		SolutionGuid = {EFE1069E-14D0-4CC3-A2FC-25D5E0EC70E7}
	EndGlobalSection
EndGlobal
